// !$*UTF8*$!
{
	archiveVersion = 1;
	classes = {
	};
	objectVersion = 50;
	objects = {

/* Begin PBXBuildFile section */
		312B137A256B0A330044C353 /* AppDelegate.swift in Sources */ = {isa = PBXBuildFile; fileRef = 312B1379256B0A330044C353 /* AppDelegate.swift */; };
		312B137C256B0A330044C353 /* SceneDelegate.swift in Sources */ = {isa = PBXBuildFile; fileRef = 312B137B256B0A330044C353 /* SceneDelegate.swift */; };
		312B1381256B0A330044C353 /* Main.storyboard in Resources */ = {isa = PBXBuildFile; fileRef = 312B137F256B0A330044C353 /* Main.storyboard */; };
		312B1383256B0A350044C353 /* Assets.xcassets in Resources */ = {isa = PBXBuildFile; fileRef = 312B1382256B0A350044C353 /* Assets.xcassets */; };
		312B1386256B0A350044C353 /* LaunchScreen.storyboard in Resources */ = {isa = PBXBuildFile; fileRef = 312B1384256B0A350044C353 /* LaunchScreen.storyboard */; };
		312B138F256B0AD00044C353 /* SliderViewController.swift in Sources */ = {isa = PBXBuildFile; fileRef = 312B138E256B0AD00044C353 /* SliderViewController.swift */; };
		312B1392256B0B0A0044C353 /* TrackViewController.swift in Sources */ = {isa = PBXBuildFile; fileRef = 312B1391256B0B0A0044C353 /* TrackViewController.swift */; };
		312B1395256B1DFC0044C353 /* ActionViewController.swift in Sources */ = {isa = PBXBuildFile; fileRef = 312B1394256B1DFC0044C353 /* ActionViewController.swift */; };
/* End PBXBuildFile section */

/* Begin PBXFileReference section */
		312B1376256B0A330044C353 /* Showcase App.app */ = {isa = PBXFileReference; explicitFileType = wrapper.application; includeInIndex = 0; path = "Showcase App.app"; sourceTree = BUILT_PRODUCTS_DIR; };
		312B1379256B0A330044C353 /* AppDelegate.swift */ = {isa = PBXFileReference; lastKnownFileType = sourcecode.swift; path = AppDelegate.swift; sourceTree = "<group>"; };
		312B137B256B0A330044C353 /* SceneDelegate.swift */ = {isa = PBXFileReference; lastKnownFileType = sourcecode.swift; path = SceneDelegate.swift; sourceTree = "<group>"; };
		312B1380256B0A330044C353 /* Base */ = {isa = PBXFileReference; lastKnownFileType = file.storyboard; name = Base; path = Base.lproj/Main.storyboard; sourceTree = "<group>"; };
		312B1382256B0A350044C353 /* Assets.xcassets */ = {isa = PBXFileReference; lastKnownFileType = folder.assetcatalog; path = Assets.xcassets; sourceTree = "<group>"; };
		312B1385256B0A350044C353 /* Base */ = {isa = PBXFileReference; lastKnownFileType = file.storyboard; name = Base; path = Base.lproj/LaunchScreen.storyboard; sourceTree = "<group>"; };
		312B1387256B0A350044C353 /* Info.plist */ = {isa = PBXFileReference; lastKnownFileType = text.plist.xml; path = Info.plist; sourceTree = "<group>"; };
		312B138E256B0AD00044C353 /* SliderViewController.swift */ = {isa = PBXFileReference; lastKnownFileType = sourcecode.swift; path = SliderViewController.swift; sourceTree = "<group>"; };
		312B1391256B0B0A0044C353 /* TrackViewController.swift */ = {isa = PBXFileReference; lastKnownFileType = sourcecode.swift; path = TrackViewController.swift; sourceTree = "<group>"; };
		312B1394256B1DFC0044C353 /* ActionViewController.swift */ = {isa = PBXFileReference; lastKnownFileType = sourcecode.swift; path = ActionViewController.swift; sourceTree = "<group>"; };
/* End PBXFileReference section */

/* Begin PBXFrameworksBuildPhase section */
		312B1373256B0A330044C353 /* Frameworks */ = {
			isa = PBXFrameworksBuildPhase;
			buildActionMask = 2147483647;
			files = (
			);
			runOnlyForDeploymentPostprocessing = 0;
		};
/* End PBXFrameworksBuildPhase section */

/* Begin PBXGroup section */
		312B136D256B0A330044C353 = {
			isa = PBXGroup;
			children = (
				312B1378256B0A330044C353 /* Showcase App */,
				312B1377256B0A330044C353 /* Products */,
			);
			sourceTree = "<group>";
		};
		312B1377256B0A330044C353 /* Products */ = {
			isa = PBXGroup;
			children = (
				312B1376256B0A330044C353 /* Showcase App.app */,
			);
			name = Products;
			sourceTree = "<group>";
		};
		312B1378256B0A330044C353 /* Showcase App */ = {
			isa = PBXGroup;
			children = (
				312B1379256B0A330044C353 /* AppDelegate.swift */,
				312B137B256B0A330044C353 /* SceneDelegate.swift */,
				312B137F256B0A330044C353 /* Main.storyboard */,
				312B1382256B0A350044C353 /* Assets.xcassets */,
				312B1384256B0A350044C353 /* LaunchScreen.storyboard */,
				312B1387256B0A350044C353 /* Info.plist */,
				312B138E256B0AD00044C353 /* SliderViewController.swift */,
				312B1391256B0B0A0044C353 /* TrackViewController.swift */,
				312B1394256B1DFC0044C353 /* ActionViewController.swift */,
			);
			path = "Showcase App";
			sourceTree = "<group>";
		};
/* End PBXGroup section */

/* Begin PBXNativeTarget section */
		312B1375256B0A330044C353 /* Showcase App */ = {
			isa = PBXNativeTarget;
			buildConfigurationList = 312B138A256B0A350044C353 /* Build configuration list for PBXNativeTarget "Showcase App" */;
			buildPhases = (
				312B1372256B0A330044C353 /* Sources */,
				312B1373256B0A330044C353 /* Frameworks */,
				312B1374256B0A330044C353 /* Resources */,
			);
			buildRules = (
			);
			dependencies = (
			);
			name = "Showcase App";
			productName = "Showcase App";
			productReference = 312B1376256B0A330044C353 /* Showcase App.app */;
			productType = "com.apple.product-type.application";
		};
/* End PBXNativeTarget section */

/* Begin PBXProject section */
		312B136E256B0A330044C353 /* Project object */ = {
			isa = PBXProject;
			attributes = {
				LastSwiftUpdateCheck = 1220;
				LastUpgradeCheck = 1220;
				TargetAttributes = {
					312B1375256B0A330044C353 = {
						CreatedOnToolsVersion = 12.2;
					};
				};
			};
			buildConfigurationList = 312B1371256B0A330044C353 /* Build configuration list for PBXProject "Showcase App" */;
			compatibilityVersion = "Xcode 9.3";
			developmentRegion = en;
			hasScannedForEncodings = 0;
			knownRegions = (
				en,
				Base,
			);
			mainGroup = 312B136D256B0A330044C353;
			productRefGroup = 312B1377256B0A330044C353 /* Products */;
			projectDirPath = "";
			projectRoot = "";
			targets = (
				312B1375256B0A330044C353 /* Showcase App */,
			);
		};
/* End PBXProject section */

/* Begin PBXResourcesBuildPhase section */
		312B1374256B0A330044C353 /* Resources */ = {
			isa = PBXResourcesBuildPhase;
			buildActionMask = 2147483647;
			files = (
				312B1386256B0A350044C353 /* LaunchScreen.storyboard in Resources */,
				312B1383256B0A350044C353 /* Assets.xcassets in Resources */,
				312B1381256B0A330044C353 /* Main.storyboard in Resources */,
			);
			runOnlyForDeploymentPostprocessing = 0;
		};
/* End PBXResourcesBuildPhase section */

/* Begin PBXSourcesBuildPhase section */
		312B1372256B0A330044C353 /* Sources */ = {
			isa = PBXSourcesBuildPhase;
			buildActionMask = 2147483647;
			files = (
				312B137A256B0A330044C353 /* AppDelegate.swift in Sources */,
				312B1395256B1DFC0044C353 /* ActionViewController.swift in Sources */,
				312B137C256B0A330044C353 /* SceneDelegate.swift in Sources */,
				312B138F256B0AD00044C353 /* SliderViewController.swift in Sources */,
				312B1392256B0B0A0044C353 /* TrackViewController.swift in Sources */,
			);
			runOnlyForDeploymentPostprocessing = 0;
		};
/* End PBXSourcesBuildPhase section */

/* Begin PBXVariantGroup section */
		312B137F256B0A330044C353 /* Main.storyboard */ = {
			isa = PBXVariantGroup;
			children = (
				312B1380256B0A330044C353 /* Base */,
			);
			name = Main.storyboard;
			sourceTree = "<group>";
		};
		312B1384256B0A350044C353 /* LaunchScreen.storyboard */ = {
			isa = PBXVariantGroup;
			children = (
				312B1385256B0A350044C353 /* Base */,
			);
			name = LaunchScreen.storyboard;
			sourceTree = "<group>";
		};
/* End PBXVariantGroup section */

/* Begin XCBuildConfiguration section */
		312B1388256B0A350044C353 /* Debug */ = {
			isa = XCBuildConfiguration;
			buildSettings = {
				ALWAYS_SEARCH_USER_PATHS = NO;
				CLANG_ANALYZER_NONNULL = YES;
				CLANG_ANALYZER_NUMBER_OBJECT_CONVERSION = YES_AGGRESSIVE;
				CLANG_CXX_LANGUAGE_STANDARD = "gnu++14";
				CLANG_CXX_LIBRARY = "libc++";
				CLANG_ENABLE_MODULES = YES;
				CLANG_ENABLE_OBJC_ARC = YES;
				CLANG_ENABLE_OBJC_WEAK = YES;
				CLANG_WARN_BLOCK_CAPTURE_AUTORELEASING = YES;
				CLANG_WARN_BOOL_CONVERSION = YES;
				CLANG_WARN_COMMA = YES;
				CLANG_WARN_CONSTANT_CONVERSION = YES;
				CLANG_WARN_DEPRECATED_OBJC_IMPLEMENTATIONS = YES;
				CLANG_WARN_DIRECT_OBJC_ISA_USAGE = YES_ERROR;
				CLANG_WARN_DOCUMENTATION_COMMENTS = YES;
				CLANG_WARN_EMPTY_BODY = YES;
				CLANG_WARN_ENUM_CONVERSION = YES;
				CLANG_WARN_INFINITE_RECURSION = YES;
				CLANG_WARN_INT_CONVERSION = YES;
				CLANG_WARN_NON_LITERAL_NULL_CONVERSION = YES;
				CLANG_WARN_OBJC_IMPLICIT_RETAIN_SELF = YES;
				CLANG_WARN_OBJC_LITERAL_CONVERSION = YES;
				CLANG_WARN_OBJC_ROOT_CLASS = YES_ERROR;
				CLANG_WARN_QUOTED_INCLUDE_IN_FRAMEWORK_HEADER = YES;
				CLANG_WARN_RANGE_LOOP_ANALYSIS = YES;
				CLANG_WARN_STRICT_PROTOTYPES = YES;
				CLANG_WARN_SUSPICIOUS_MOVE = YES;
				CLANG_WARN_UNGUARDED_AVAILABILITY = YES_AGGRESSIVE;
				CLANG_WARN_UNREACHABLE_CODE = YES;
				CLANG_WARN__DUPLICATE_METHOD_MATCH = YES;
				COPY_PHASE_STRIP = NO;
				DEBUG_INFORMATION_FORMAT = dwarf;
				ENABLE_STRICT_OBJC_MSGSEND = YES;
				ENABLE_TESTABILITY = YES;
				GCC_C_LANGUAGE_STANDARD = gnu11;
				GCC_DYNAMIC_NO_PIC = NO;
				GCC_NO_COMMON_BLOCKS = YES;
				GCC_OPTIMIZATION_LEVEL = 0;
				GCC_PREPROCESSOR_DEFINITIONS = (
					"DEBUG=1",
					"$(inherited)",
				);
				GCC_WARN_64_TO_32_BIT_CONVERSION = YES;
				GCC_WARN_ABOUT_RETURN_TYPE = YES_ERROR;
				GCC_WARN_UNDECLARED_SELECTOR = YES;
				GCC_WARN_UNINITIALIZED_AUTOS = YES_AGGRESSIVE;
				GCC_WARN_UNUSED_FUNCTION = YES;
				GCC_WARN_UNUSED_VARIABLE = YES;
				IPHONEOS_DEPLOYMENT_TARGET = 14.2;
				MTL_ENABLE_DEBUG_INFO = INCLUDE_SOURCE;
				MTL_FAST_MATH = YES;
				ONLY_ACTIVE_ARCH = YES;
				SDKROOT = iphoneos;
				SWIFT_ACTIVE_COMPILATION_CONDITIONS = DEBUG;
				SWIFT_OPTIMIZATION_LEVEL = "-Onone";
			};
			name = Debug;
		};
		312B1389256B0A350044C353 /* Release */ = {
			isa = XCBuildConfiguration;
			buildSettings = {
				ALWAYS_SEARCH_USER_PATHS = NO;
				CLANG_ANALYZER_NONNULL = YES;
				CLANG_ANALYZER_NUMBER_OBJECT_CONVERSION = YES_AGGRESSIVE;
				CLANG_CXX_LANGUAGE_STANDARD = "gnu++14";
				CLANG_CXX_LIBRARY = "libc++";
				CLANG_ENABLE_MODULES = YES;
				CLANG_ENABLE_OBJC_ARC = YES;
				CLANG_ENABLE_OBJC_WEAK = YES;
				CLANG_WARN_BLOCK_CAPTURE_AUTORELEASING = YES;
				CLANG_WARN_BOOL_CONVERSION = YES;
				CLANG_WARN_COMMA = YES;
				CLANG_WARN_CONSTANT_CONVERSION = YES;
				CLANG_WARN_DEPRECATED_OBJC_IMPLEMENTATIONS = YES;
				CLANG_WARN_DIRECT_OBJC_ISA_USAGE = YES_ERROR;
				CLANG_WARN_DOCUMENTATION_COMMENTS = YES;
				CLANG_WARN_EMPTY_BODY = YES;
				CLANG_WARN_ENUM_CONVERSION = YES;
				CLANG_WARN_INFINITE_RECURSION = YES;
				CLANG_WARN_INT_CONVERSION = YES;
				CLANG_WARN_NON_LITERAL_NULL_CONVERSION = YES;
				CLANG_WARN_OBJC_IMPLICIT_RETAIN_SELF = YES;
				CLANG_WARN_OBJC_LITERAL_CONVERSION = YES;
				CLANG_WARN_OBJC_ROOT_CLASS = YES_ERROR;
				CLANG_WARN_QUOTED_INCLUDE_IN_FRAMEWORK_HEADER = YES;
				CLANG_WARN_RANGE_LOOP_ANALYSIS = YES;
				CLANG_WARN_STRICT_PROTOTYPES = YES;
				CLANG_WARN_SUSPICIOUS_MOVE = YES;
				CLANG_WARN_UNGUARDED_AVAILABILITY = YES_AGGRESSIVE;
				CLANG_WARN_UNREACHABLE_CODE = YES;
				CLANG_WARN__DUPLICATE_METHOD_MATCH = YES;
				COPY_PHASE_STRIP = NO;
				DEBUG_INFORMATION_FORMAT = "dwarf-with-dsym";
				ENABLE_NS_ASSERTIONS = NO;
				ENABLE_STRICT_OBJC_MSGSEND = YES;
				GCC_C_LANGUAGE_STANDARD = gnu11;
				GCC_NO_COMMON_BLOCKS = YES;
				GCC_WARN_64_TO_32_BIT_CONVERSION = YES;
				GCC_WARN_ABOUT_RETURN_TYPE = YES_ERROR;
				GCC_WARN_UNDECLARED_SELECTOR = YES;
				GCC_WARN_UNINITIALIZED_AUTOS = YES_AGGRESSIVE;
				GCC_WARN_UNUSED_FUNCTION = YES;
				GCC_WARN_UNUSED_VARIABLE = YES;
				IPHONEOS_DEPLOYMENT_TARGET = 14.2;
				MTL_ENABLE_DEBUG_INFO = NO;
				MTL_FAST_MATH = YES;
				SDKROOT = iphoneos;
				SWIFT_COMPILATION_MODE = wholemodule;
				SWIFT_OPTIMIZATION_LEVEL = "-O";
				VALIDATE_PRODUCT = YES;
			};
			name = Release;
		};
		312B138B256B0A350044C353 /* Debug */ = {
			isa = XCBuildConfiguration;
			buildSettings = {
				ASSETCATALOG_COMPILER_APPICON_NAME = AppIcon;
				ASSETCATALOG_COMPILER_GLOBAL_ACCENT_COLOR_NAME = AccentColor;
				CODE_SIGN_STYLE = Automatic;
				DEVELOPMENT_TEAM = "";
				INFOPLIST_FILE = "Showcase App/Info.plist";
				LD_RUNPATH_SEARCH_PATHS = (
					"$(inherited)",
					"@executable_path/Frameworks",
				);
				PRODUCT_BUNDLE_IDENTIFIER = "HappyParrot.Showcase-App";
				PRODUCT_NAME = "$(TARGET_NAME)";
				SWIFT_VERSION = 5.0;
				TARGETED_DEVICE_FAMILY = "1,2";
			};
			name = Debug;
		};
		312B138C256B0A350044C353 /* Release */ = {
			isa = XCBuildConfiguration;
			buildSettings = {
				ASSETCATALOG_COMPILER_APPICON_NAME = AppIcon;
				ASSETCATALOG_COMPILER_GLOBAL_ACCENT_COLOR_NAME = AccentColor;
				CODE_SIGN_STYLE = Automatic;
				DEVELOPMENT_TEAM = "";
				INFOPLIST_FILE = "Showcase App/Info.plist";
				LD_RUNPATH_SEARCH_PATHS = (
					"$(inherited)",
					"@executable_path/Frameworks",
				);
				PRODUCT_BUNDLE_IDENTIFIER = "HappyParrot.Showcase-App";
				PRODUCT_NAME = "$(TARGET_NAME)";
				SWIFT_VERSION = 5.0;
				TARGETED_DEVICE_FAMILY = "1,2";
			};
			name = Release;
		};
/* End XCBuildConfiguration section */

/* Begin XCConfigurationList section */
		312B1371256B0A330044C353 /* Build configuration list for PBXProject "Showcase App" */ = {
			isa = XCConfigurationList;
			buildConfigurations = (
				312B1388256B0A350044C353 /* Debug */,
				312B1389256B0A350044C353 /* Release */,
			);
			defaultConfigurationIsVisible = 0;
			defaultConfigurationName = Release;
		};
		312B138A256B0A350044C353 /* Build configuration list for PBXNativeTarget "Showcase App" */ = {
			isa = XCConfigurationList;
			buildConfigurations = (
				312B138B256B0A350044C353 /* Debug */,
				312B138C256B0A350044C353 /* Release */,
			);
			defaultConfigurationIsVisible = 0;
			defaultConfigurationName = Release;
		};
/* End XCConfigurationList section */
	};
	rootObject = 312B136E256B0A330044C353 /* Project object */;
}
